PODS:
  - Alamofire (2.0.2)
  - MagicalRecord/Shorthand (2.2)
  - SwiftyJSON (2.3.0)
  - SWRevealViewController (2.3.0)

DEPENDENCIES:
  - Alamofire
  - MagicalRecord/Shorthand
  - SwiftyJSON
  - SWRevealViewController

SPEC CHECKSUMS:
  Alamofire: 8edbab00802a752bb5240cc2abe70e7e881488ad
  MagicalRecord: f8a56bb87ab6552f20c4bb8681a1958a197ea3cd
  SwiftyJSON: 8d6b61a70277ef2a5d710d372e06e7e2d87fb9e4
  SWRevealViewController: 6d3fd97f70112fd7cef9de14df4260eacce4c63a

COCOAPODS: 0.38.2
