PODS:
  - ActionSheetPicker-3.0 (2.0.2)
  - Alamofire (2.0.2)
  - CountryPicker (1.2.3)
  - Crashlytics (3.3.4)
  - Fabric (1.5.5):
    - Fabric/Base (= 1.5.5)
  - Fabric/Base (1.5.5)
  - MagicalRecord (2.3.0)
  - PNChart (0.8.7):
    - UICountingLabel (~> 1.2.0)
  - SwiftyJSON (2.3.0)
  - SWRevealViewController (2.3.0)
  - UICountingLabel (1.2.0)
  - YamlSwift (1.2.1)

DEPENDENCIES:
  - ActionSheetPicker-3.0
  - Alamofire
  - CountryPicker
  - Crashlytics
  - Fabric
  - MagicalRecord
  - PNChart
  - SwiftyJSON
  - SWRevealViewController
  - UICountingLabel
  - YamlSwift

SPEC CHECKSUMS:
  ActionSheetPicker-3.0: c183be40407b772b38d407d9825270e23bfb9b35
  Alamofire: 8edbab00802a752bb5240cc2abe70e7e881488ad
  CountryPicker: 6f166e2f1cc250f07eba4c587fbe1c0efc21049b
  Crashlytics: 41c082440d2e14da444186fff65e79c0b4b35d4c
  Fabric: 190bf1a6eb65f7500de1347d027d2e59a7e53db1
  MagicalRecord: 89eb7d7ead39fb37f01c3d010665ee94d17f8dba
  PNChart: c1755716bbd45386d2035b2bf2ce73e6d3f8cb22
  SwiftyJSON: 8d6b61a70277ef2a5d710d372e06e7e2d87fb9e4
  SWRevealViewController: 6d3fd97f70112fd7cef9de14df4260eacce4c63a
  UICountingLabel: 1db4e7d023e1762171eb226d6dff47a7a84f27aa
  YamlSwift: 297225be9d8e342f38c566b770289507862d06a1

COCOAPODS: 0.39.0
