// !$*UTF8*$!
{
	archiveVersion = 1;
	classes = {
	};
	objectVersion = 46;
	objects = {

/* Begin PBXBuildFile section */
		372657D71BC27520003383D1 /* AppDelegate.swift in Sources */ = {isa = PBXBuildFile; fileRef = 372657D61BC27520003383D1 /* AppDelegate.swift */; };
		372657D91BC27520003383D1 /* ViewController.swift in Sources */ = {isa = PBXBuildFile; fileRef = 372657D81BC27520003383D1 /* ViewController.swift */; };
		372657DC1BC27520003383D1 /* Main.storyboard in Resources */ = {isa = PBXBuildFile; fileRef = 372657DA1BC27520003383D1 /* Main.storyboard */; };
		372657DE1BC27520003383D1 /* Assets.xcassets in Resources */ = {isa = PBXBuildFile; fileRef = 372657DD1BC27520003383D1 /* Assets.xcassets */; };
		372657E11BC27520003383D1 /* LaunchScreen.storyboard in Resources */ = {isa = PBXBuildFile; fileRef = 372657DF1BC27520003383D1 /* LaunchScreen.storyboard */; };
		372657EC1BC27520003383D1 /* AyesTests.swift in Sources */ = {isa = PBXBuildFile; fileRef = 372657EB1BC27520003383D1 /* AyesTests.swift */; };
/* End PBXBuildFile section */

/* Begin PBXContainerItemProxy section */
		372657E81BC27520003383D1 /* PBXContainerItemProxy */ = {
			isa = PBXContainerItemProxy;
			containerPortal = 372657CB1BC27520003383D1 /* Project object */;
			proxyType = 1;
			remoteGlobalIDString = 372657D21BC27520003383D1;
			remoteInfo = Ayes;
		};
/* End PBXContainerItemProxy section */

/* Begin PBXFileReference section */
		372657D31BC27520003383D1 /* Ayes.app */ = {isa = PBXFileReference; explicitFileType = wrapper.application; includeInIndex = 0; path = Ayes.app; sourceTree = BUILT_PRODUCTS_DIR; };
		372657D61BC27520003383D1 /* AppDelegate.swift */ = {isa = PBXFileReference; lastKnownFileType = sourcecode.swift; path = AppDelegate.swift; sourceTree = "<group>"; };
		372657D81BC27520003383D1 /* ViewController.swift */ = {isa = PBXFileReference; lastKnownFileType = sourcecode.swift; path = ViewController.swift; sourceTree = "<group>"; };
		372657DB1BC27520003383D1 /* Base */ = {isa = PBXFileReference; lastKnownFileType = file.storyboard; name = Base; path = Base.lproj/Main.storyboard; sourceTree = "<group>"; };
		372657DD1BC27520003383D1 /* Assets.xcassets */ = {isa = PBXFileReference; lastKnownFileType = folder.assetcatalog; path = Assets.xcassets; sourceTree = "<group>"; };
		372657E01BC27520003383D1 /* Base */ = {isa = PBXFileReference; lastKnownFileType = file.storyboard; name = Base; path = Base.lproj/LaunchScreen.storyboard; sourceTree = "<group>"; };
		372657E21BC27520003383D1 /* Info.plist */ = {isa = PBXFileReference; lastKnownFileType = text.plist.xml; path = Info.plist; sourceTree = "<group>"; };
		372657E71BC27520003383D1 /* AyesTests.xctest */ = {isa = PBXFileReference; explicitFileType = wrapper.cfbundle; includeInIndex = 0; path = AyesTests.xctest; sourceTree = BUILT_PRODUCTS_DIR; };
		372657EB1BC27520003383D1 /* AyesTests.swift */ = {isa = PBXFileReference; lastKnownFileType = sourcecode.swift; path = AyesTests.swift; sourceTree = "<group>"; };
		372657ED1BC27520003383D1 /* Info.plist */ = {isa = PBXFileReference; lastKnownFileType = text.plist.xml; path = Info.plist; sourceTree = "<group>"; };
/* End PBXFileReference section */

/* Begin PBXFrameworksBuildPhase section */
		372657D01BC27520003383D1 /* Frameworks */ = {
			isa = PBXFrameworksBuildPhase;
			buildActionMask = 2147483647;
			files = (
			);
			runOnlyForDeploymentPostprocessing = 0;
		};
		372657E41BC27520003383D1 /* Frameworks */ = {
			isa = PBXFrameworksBuildPhase;
			buildActionMask = 2147483647;
			files = (
			);
			runOnlyForDeploymentPostprocessing = 0;
		};
/* End PBXFrameworksBuildPhase section */

/* Begin PBXGroup section */
		372657CA1BC27520003383D1 = {
			isa = PBXGroup;
			children = (
				372657D51BC27520003383D1 /* Ayes */,
				372657EA1BC27520003383D1 /* AyesTests */,
				372657D41BC27520003383D1 /* Products */,
			);
			sourceTree = "<group>";
		};
		372657D41BC27520003383D1 /* Products */ = {
			isa = PBXGroup;
			children = (
				372657D31BC27520003383D1 /* Ayes.app */,
				372657E71BC27520003383D1 /* AyesTests.xctest */,
			);
			name = Products;
			sourceTree = "<group>";
		};
		372657D51BC27520003383D1 /* Ayes */ = {
			isa = PBXGroup;
			children = (
				372657D61BC27520003383D1 /* AppDelegate.swift */,
				372657D81BC27520003383D1 /* ViewController.swift */,
				372657DA1BC27520003383D1 /* Main.storyboard */,
				372657DD1BC27520003383D1 /* Assets.xcassets */,
				372657DF1BC27520003383D1 /* LaunchScreen.storyboard */,
				372657E21BC27520003383D1 /* Info.plist */,
			);
			path = Ayes;
			sourceTree = "<group>";
		};
		372657EA1BC27520003383D1 /* AyesTests */ = {
			isa = PBXGroup;
			children = (
				372657EB1BC27520003383D1 /* AyesTests.swift */,
				372657ED1BC27520003383D1 /* Info.plist */,
			);
			path = AyesTests;
			sourceTree = "<group>";
		};
/* End PBXGroup section */

/* Begin PBXNativeTarget section */
		372657D21BC27520003383D1 /* Ayes */ = {
			isa = PBXNativeTarget;
			buildConfigurationList = 372657F01BC27520003383D1 /* Build configuration list for PBXNativeTarget "Ayes" */;
			buildPhases = (
				372657CF1BC27520003383D1 /* Sources */,
				372657D01BC27520003383D1 /* Frameworks */,
				372657D11BC27520003383D1 /* Resources */,
			);
			buildRules = (
			);
			dependencies = (
			);
			name = Ayes;
			productName = Ayes;
			productReference = 372657D31BC27520003383D1 /* Ayes.app */;
			productType = "com.apple.product-type.application";
		};
		372657E61BC27520003383D1 /* AyesTests */ = {
			isa = PBXNativeTarget;
			buildConfigurationList = 372657F31BC27520003383D1 /* Build configuration list for PBXNativeTarget "AyesTests" */;
			buildPhases = (
				372657E31BC27520003383D1 /* Sources */,
				372657E41BC27520003383D1 /* Frameworks */,
				372657E51BC27520003383D1 /* Resources */,
			);
			buildRules = (
			);
			dependencies = (
				372657E91BC27520003383D1 /* PBXTargetDependency */,
			);
			name = AyesTests;
			productName = AyesTests;
			productReference = 372657E71BC27520003383D1 /* AyesTests.xctest */;
			productType = "com.apple.product-type.bundle.unit-test";
		};
/* End PBXNativeTarget section */

/* Begin PBXProject section */
		372657CB1BC27520003383D1 /* Project object */ = {
			isa = PBXProject;
			attributes = {
				LastUpgradeCheck = 0700;
				ORGANIZATIONNAME = BinaryBlitz;
				TargetAttributes = {
					372657D21BC27520003383D1 = {
						CreatedOnToolsVersion = 7.0.1;
					};
					372657E61BC27520003383D1 = {
						CreatedOnToolsVersion = 7.0.1;
						TestTargetID = 372657D21BC27520003383D1;
					};
				};
			};
			buildConfigurationList = 372657CE1BC27520003383D1 /* Build configuration list for PBXProject "Ayes" */;
			compatibilityVersion = "Xcode 3.2";
			developmentRegion = English;
			hasScannedForEncodings = 0;
			knownRegions = (
				en,
				Base,
			);
			mainGroup = 372657CA1BC27520003383D1;
			productRefGroup = 372657D41BC27520003383D1 /* Products */;
			projectDirPath = "";
			projectRoot = "";
			targets = (
				372657D21BC27520003383D1 /* Ayes */,
				372657E61BC27520003383D1 /* AyesTests */,
			);
		};
/* End PBXProject section */

/* Begin PBXResourcesBuildPhase section */
		372657D11BC27520003383D1 /* Resources */ = {
			isa = PBXResourcesBuildPhase;
			buildActionMask = 2147483647;
			files = (
				372657E11BC27520003383D1 /* LaunchScreen.storyboard in Resources */,
				372657DE1BC27520003383D1 /* Assets.xcassets in Resources */,
				372657DC1BC27520003383D1 /* Main.storyboard in Resources */,
			);
			runOnlyForDeploymentPostprocessing = 0;
		};
		372657E51BC27520003383D1 /* Resources */ = {
			isa = PBXResourcesBuildPhase;
			buildActionMask = 2147483647;
			files = (
			);
			runOnlyForDeploymentPostprocessing = 0;
		};
/* End PBXResourcesBuildPhase section */

/* Begin PBXSourcesBuildPhase section */
		372657CF1BC27520003383D1 /* Sources */ = {
			isa = PBXSourcesBuildPhase;
			buildActionMask = 2147483647;
			files = (
				372657D91BC27520003383D1 /* ViewController.swift in Sources */,
				372657D71BC27520003383D1 /* AppDelegate.swift in Sources */,
			);
			runOnlyForDeploymentPostprocessing = 0;
		};
		372657E31BC27520003383D1 /* Sources */ = {
			isa = PBXSourcesBuildPhase;
			buildActionMask = 2147483647;
			files = (
				372657EC1BC27520003383D1 /* AyesTests.swift in Sources */,
			);
			runOnlyForDeploymentPostprocessing = 0;
		};
/* End PBXSourcesBuildPhase section */

/* Begin PBXTargetDependency section */
		372657E91BC27520003383D1 /* PBXTargetDependency */ = {
			isa = PBXTargetDependency;
			target = 372657D21BC27520003383D1 /* Ayes */;
			targetProxy = 372657E81BC27520003383D1 /* PBXContainerItemProxy */;
		};
/* End PBXTargetDependency section */

/* Begin PBXVariantGroup section */
		372657DA1BC27520003383D1 /* Main.storyboard */ = {
			isa = PBXVariantGroup;
			children = (
				372657DB1BC27520003383D1 /* Base */,
			);
			name = Main.storyboard;
			sourceTree = "<group>";
		};
		372657DF1BC27520003383D1 /* LaunchScreen.storyboard */ = {
			isa = PBXVariantGroup;
			children = (
				372657E01BC27520003383D1 /* Base */,
			);
			name = LaunchScreen.storyboard;
			sourceTree = "<group>";
		};
/* End PBXVariantGroup section */

/* Begin XCBuildConfiguration section */
		372657EE1BC27520003383D1 /* Debug */ = {
			isa = XCBuildConfiguration;
			buildSettings = {
				ALWAYS_SEARCH_USER_PATHS = NO;
				CLANG_CXX_LANGUAGE_STANDARD = "gnu++0x";
				CLANG_CXX_LIBRARY = "libc++";
				CLANG_ENABLE_MODULES = YES;
				CLANG_ENABLE_OBJC_ARC = YES;
				CLANG_WARN_BOOL_CONVERSION = YES;
				CLANG_WARN_CONSTANT_CONVERSION = YES;
				CLANG_WARN_DIRECT_OBJC_ISA_USAGE = YES_ERROR;
				CLANG_WARN_EMPTY_BODY = YES;
				CLANG_WARN_ENUM_CONVERSION = YES;
				CLANG_WARN_INT_CONVERSION = YES;
				CLANG_WARN_OBJC_ROOT_CLASS = YES_ERROR;
				CLANG_WARN_UNREACHABLE_CODE = YES;
				CLANG_WARN__DUPLICATE_METHOD_MATCH = YES;
				"CODE_SIGN_IDENTITY[sdk=iphoneos*]" = "iPhone Developer";
				COPY_PHASE_STRIP = NO;
				DEBUG_INFORMATION_FORMAT = dwarf;
				ENABLE_STRICT_OBJC_MSGSEND = YES;
				ENABLE_TESTABILITY = YES;
				GCC_C_LANGUAGE_STANDARD = gnu99;
				GCC_DYNAMIC_NO_PIC = NO;
				GCC_NO_COMMON_BLOCKS = YES;
				GCC_OPTIMIZATION_LEVEL = 0;
				GCC_PREPROCESSOR_DEFINITIONS = (
					"DEBUG=1",
					"$(inherited)",
				);
				GCC_WARN_64_TO_32_BIT_CONVERSION = YES;
				GCC_WARN_ABOUT_RETURN_TYPE = YES_ERROR;
				GCC_WARN_UNDECLARED_SELECTOR = YES;
				GCC_WARN_UNINITIALIZED_AUTOS = YES_AGGRESSIVE;
				GCC_WARN_UNUSED_FUNCTION = YES;
				GCC_WARN_UNUSED_VARIABLE = YES;
				IPHONEOS_DEPLOYMENT_TARGET = 9.0;
				MTL_ENABLE_DEBUG_INFO = YES;
				ONLY_ACTIVE_ARCH = YES;
				SDKROOT = iphoneos;
				SWIFT_OPTIMIZATION_LEVEL = "-Onone";
			};
			name = Debug;
		};
		372657EF1BC27520003383D1 /* Release */ = {
			isa = XCBuildConfiguration;
			buildSettings = {
				ALWAYS_SEARCH_USER_PATHS = NO;
				CLANG_CXX_LANGUAGE_STANDARD = "gnu++0x";
				CLANG_CXX_LIBRARY = "libc++";
				CLANG_ENABLE_MODULES = YES;
				CLANG_ENABLE_OBJC_ARC = YES;
				CLANG_WARN_BOOL_CONVERSION = YES;
				CLANG_WARN_CONSTANT_CONVERSION = YES;
				CLANG_WARN_DIRECT_OBJC_ISA_USAGE = YES_ERROR;
				CLANG_WARN_EMPTY_BODY = YES;
				CLANG_WARN_ENUM_CONVERSION = YES;
				CLANG_WARN_INT_CONVERSION = YES;
				CLANG_WARN_OBJC_ROOT_CLASS = YES_ERROR;
				CLANG_WARN_UNREACHABLE_CODE = YES;
				CLANG_WARN__DUPLICATE_METHOD_MATCH = YES;
				"CODE_SIGN_IDENTITY[sdk=iphoneos*]" = "iPhone Developer";
				COPY_PHASE_STRIP = NO;
				DEBUG_INFORMATION_FORMAT = "dwarf-with-dsym";
				ENABLE_NS_ASSERTIONS = NO;
				ENABLE_STRICT_OBJC_MSGSEND = YES;
				GCC_C_LANGUAGE_STANDARD = gnu99;
				GCC_NO_COMMON_BLOCKS = YES;
				GCC_WARN_64_TO_32_BIT_CONVERSION = YES;
				GCC_WARN_ABOUT_RETURN_TYPE = YES_ERROR;
				GCC_WARN_UNDECLARED_SELECTOR = YES;
				GCC_WARN_UNINITIALIZED_AUTOS = YES_AGGRESSIVE;
				GCC_WARN_UNUSED_FUNCTION = YES;
				GCC_WARN_UNUSED_VARIABLE = YES;
				IPHONEOS_DEPLOYMENT_TARGET = 9.0;
				MTL_ENABLE_DEBUG_INFO = NO;
				SDKROOT = iphoneos;
				VALIDATE_PRODUCT = YES;
			};
			name = Release;
		};
		372657F11BC27520003383D1 /* Debug */ = {
			isa = XCBuildConfiguration;
			buildSettings = {
				ASSETCATALOG_COMPILER_APPICON_NAME = AppIcon;
				INFOPLIST_FILE = Ayes/Info.plist;
				LD_RUNPATH_SEARCH_PATHS = "$(inherited) @executable_path/Frameworks";
				PRODUCT_BUNDLE_IDENTIFIER = ru.binaryblitz.Ayes;
				PRODUCT_NAME = "$(TARGET_NAME)";
			};
			name = Debug;
		};
		372657F21BC27520003383D1 /* Release */ = {
			isa = XCBuildConfiguration;
			buildSettings = {
				ASSETCATALOG_COMPILER_APPICON_NAME = AppIcon;
				INFOPLIST_FILE = Ayes/Info.plist;
				LD_RUNPATH_SEARCH_PATHS = "$(inherited) @executable_path/Frameworks";
				PRODUCT_BUNDLE_IDENTIFIER = ru.binaryblitz.Ayes;
				PRODUCT_NAME = "$(TARGET_NAME)";
			};
			name = Release;
		};
		372657F41BC27520003383D1 /* Debug */ = {
			isa = XCBuildConfiguration;
			buildSettings = {
				BUNDLE_LOADER = "$(TEST_HOST)";
				INFOPLIST_FILE = AyesTests/Info.plist;
				LD_RUNPATH_SEARCH_PATHS = "$(inherited) @executable_path/Frameworks @loader_path/Frameworks";
				PRODUCT_BUNDLE_IDENTIFIER = ru.binaryblitz.AyesTests;
				PRODUCT_NAME = "$(TARGET_NAME)";
				TEST_HOST = "$(BUILT_PRODUCTS_DIR)/Ayes.app/Ayes";
			};
			name = Debug;
		};
		372657F51BC27520003383D1 /* Release */ = {
			isa = XCBuildConfiguration;
			buildSettings = {
				BUNDLE_LOADER = "$(TEST_HOST)";
				INFOPLIST_FILE = AyesTests/Info.plist;
				LD_RUNPATH_SEARCH_PATHS = "$(inherited) @executable_path/Frameworks @loader_path/Frameworks";
				PRODUCT_BUNDLE_IDENTIFIER = ru.binaryblitz.AyesTests;
				PRODUCT_NAME = "$(TARGET_NAME)";
				TEST_HOST = "$(BUILT_PRODUCTS_DIR)/Ayes.app/Ayes";
			};
			name = Release;
		};
/* End XCBuildConfiguration section */

/* Begin XCConfigurationList section */
		372657CE1BC27520003383D1 /* Build configuration list for PBXProject "Ayes" */ = {
			isa = XCConfigurationList;
			buildConfigurations = (
				372657EE1BC27520003383D1 /* Debug */,
				372657EF1BC27520003383D1 /* Release */,
			);
			defaultConfigurationIsVisible = 0;
			defaultConfigurationName = Release;
		};
		372657F01BC27520003383D1 /* Build configuration list for PBXNativeTarget "Ayes" */ = {
			isa = XCConfigurationList;
			buildConfigurations = (
				372657F11BC27520003383D1 /* Debug */,
				372657F21BC27520003383D1 /* Release */,
			);
			defaultConfigurationIsVisible = 0;
		};
		372657F31BC27520003383D1 /* Build configuration list for PBXNativeTarget "AyesTests" */ = {
			isa = XCConfigurationList;
			buildConfigurations = (
				372657F41BC27520003383D1 /* Debug */,
				372657F51BC27520003383D1 /* Release */,
			);
			defaultConfigurationIsVisible = 0;
		};
/* End XCConfigurationList section */
	};
	rootObject = 372657CB1BC27520003383D1 /* Project object */;
}
